
Microsoft Visual Studio Solution File, Format Version 12.00
# Visual Studio Version 16
VisualStudioVersion = 16.0.31515.178
MinimumVisualStudioVersion = 10.0.40219.1
Project("{FAE04EC0-301F-11D3-BF4B-00C04F79EFBC}") = "JenkinsGithubDay3", "JenkinsGithubDay3\JenkinsGithubDay3.csproj", "{679279E4-E44D-48D4-A384-5EC166540559}"
EndProject
Global
	GlobalSection(SolutionConfigurationPlatforms) = preSolution
		Debug|Any CPU = Debug|Any CPU
		Release|Any CPU = Release|Any CPU
	EndGlobalSection
	GlobalSection(ProjectConfigurationPlatforms) = postSolution
		{679279E4-E44D-48D4-A384-5EC166540559}.Debug|Any CPU.ActiveCfg = Debug|Any CPU
		{679279E4-E44D-48D4-A384-5EC166540559}.Debug|Any CPU.Build.0 = Debug|Any CPU
		{679279E4-E44D-48D4-A384-5EC166540559}.Release|Any CPU.ActiveCfg = Release|Any CPU
		{679279E4-E44D-48D4-A384-5EC166540559}.Release|Any CPU.Build.0 = Release|Any CPU
	EndGlobalSection
	GlobalSection(SolutionProperties) = preSolution
		HideSolutionNode = FALSE
	EndGlobalSection
	GlobalSection(ExtensibilityGlobals) = postSolution
		SolutionGuid = {FBCCA069-3E47-4A80-8F66-793E57EBCA68}
	EndGlobalSection
EndGlobal
